
Microsoft Visual Studio Solution File, Format Version 12.00
# Visual Studio Version 17
VisualStudioVersion = 17.14.36518.9 d17.14
MinimumVisualStudioVersion = 10.0.40219.1
Project("{FAE04EC0-301F-11D3-BF4B-00C04F79EFBC}") = "ProtoWoW", "ProtoWoW.csproj", "{0D9A5E23-91A9-4CF7-90F8-7561DA576FBD}"
EndProject
Global
	GlobalSection(SolutionConfigurationPlatforms) = preSolution
		Debug|Any CPU = Debug|Any CPU
		Release|Any CPU = Release|Any CPU
	EndGlobalSection
	GlobalSection(ProjectConfigurationPlatforms) = postSolution
		{0D9A5E23-91A9-4CF7-90F8-7561DA576FBD}.Debug|Any CPU.ActiveCfg = Debug|Any CPU
		{0D9A5E23-91A9-4CF7-90F8-7561DA576FBD}.Debug|Any CPU.Build.0 = Debug|Any CPU
		{0D9A5E23-91A9-4CF7-90F8-7561DA576FBD}.Release|Any CPU.ActiveCfg = Release|Any CPU
		{0D9A5E23-91A9-4CF7-90F8-7561DA576FBD}.Release|Any CPU.Build.0 = Release|Any CPU
	EndGlobalSection
	GlobalSection(SolutionProperties) = preSolution
		HideSolutionNode = FALSE
	EndGlobalSection
	GlobalSection(ExtensibilityGlobals) = postSolution
		SolutionGuid = {DAA9C673-882E-4AAA-9AD0-740D43CEF858}
	EndGlobalSection
EndGlobal
